{
  "name": "@sebastbake/h",
  "version": "0.0.0",
  "lockfileVersion": 1,
  "requires": true,
  "dependencies": {
    "typescript": {
      "version": "4.1.0-dev.20201031",
      "resolved": "https://registry.npmjs.org/typescript/-/typescript-4.1.0-dev.20201031.tgz",
      "integrity": "sha512-CKb8JmmalLabmdlUUa04m0F3Dam9ozHG/dHlHQTNMGZs+1P8TLyNPWETXFc6FI+2cUhiMR23nv0HhG3RPhGhjQ==",
      "dev": true
    }
  }
}
